// !$*UTF8*$!
{
	archiveVersion = 1;
	classes = {
	};
	objectVersion = 50;
	objects = {

/* Begin PBXBuildFile section */
		4FA60DF224F4296900ED386E /* SuccessCheck.swift in Sources */ = {isa = PBXBuildFile; fileRef = 4FA60DF124F4296900ED386E /* SuccessCheck.swift */; };
		4FE0AB8824AE56A9007D9765 /* AppDelegate.swift in Sources */ = {isa = PBXBuildFile; fileRef = 4FE0AB8724AE56A9007D9765 /* AppDelegate.swift */; };
		4FE0AB8A24AE56A9007D9765 /* SceneDelegate.swift in Sources */ = {isa = PBXBuildFile; fileRef = 4FE0AB8924AE56A9007D9765 /* SceneDelegate.swift */; };
		4FE0AB8C24AE56A9007D9765 /* ViewController.swift in Sources */ = {isa = PBXBuildFile; fileRef = 4FE0AB8B24AE56A9007D9765 /* ViewController.swift */; };
		4FE0AB8F24AE56A9007D9765 /* Main.storyboard in Resources */ = {isa = PBXBuildFile; fileRef = 4FE0AB8D24AE56A9007D9765 /* Main.storyboard */; };
		4FE0AB9124AE56AC007D9765 /* Assets.xcassets in Resources */ = {isa = PBXBuildFile; fileRef = 4FE0AB9024AE56AC007D9765 /* Assets.xcassets */; };
		4FE0AB9424AE56AC007D9765 /* LaunchScreen.storyboard in Resources */ = {isa = PBXBuildFile; fileRef = 4FE0AB9224AE56AC007D9765 /* LaunchScreen.storyboard */; };
/* End PBXBuildFile section */

/* Begin PBXFileReference section */
		4FA60DF124F4296900ED386E /* SuccessCheck.swift */ = {isa = PBXFileReference; fileEncoding = 4; lastKnownFileType = sourcecode.swift; path = SuccessCheck.swift; sourceTree = "<group>"; };
		4FE0AB8424AE56A9007D9765 /* Passly.app */ = {isa = PBXFileReference; explicitFileType = wrapper.application; includeInIndex = 0; path = Passly.app; sourceTree = BUILT_PRODUCTS_DIR; };
		4FE0AB8724AE56A9007D9765 /* AppDelegate.swift */ = {isa = PBXFileReference; lastKnownFileType = sourcecode.swift; path = AppDelegate.swift; sourceTree = "<group>"; };
		4FE0AB8924AE56A9007D9765 /* SceneDelegate.swift */ = {isa = PBXFileReference; lastKnownFileType = sourcecode.swift; path = SceneDelegate.swift; sourceTree = "<group>"; };
		4FE0AB8B24AE56A9007D9765 /* ViewController.swift */ = {isa = PBXFileReference; lastKnownFileType = sourcecode.swift; path = ViewController.swift; sourceTree = "<group>"; };
		4FE0AB8E24AE56A9007D9765 /* Base */ = {isa = PBXFileReference; lastKnownFileType = file.storyboard; name = Base; path = Base.lproj/Main.storyboard; sourceTree = "<group>"; };
		4FE0AB9024AE56AC007D9765 /* Assets.xcassets */ = {isa = PBXFileReference; lastKnownFileType = folder.assetcatalog; path = Assets.xcassets; sourceTree = "<group>"; };
		4FE0AB9324AE56AC007D9765 /* Base */ = {isa = PBXFileReference; lastKnownFileType = file.storyboard; name = Base; path = Base.lproj/LaunchScreen.storyboard; sourceTree = "<group>"; };
		4FE0AB9524AE56AC007D9765 /* Info.plist */ = {isa = PBXFileReference; lastKnownFileType = text.plist.xml; path = Info.plist; sourceTree = "<group>"; };
		4FE0AB9B24AE56DB007D9765 /* Passly.entitlements */ = {isa = PBXFileReference; lastKnownFileType = text.plist.entitlements; path = Passly.entitlements; sourceTree = "<group>"; };
/* End PBXFileReference section */

/* Begin PBXFrameworksBuildPhase section */
		4FE0AB8124AE56A9007D9765 /* Frameworks */ = {
			isa = PBXFrameworksBuildPhase;
			buildActionMask = 2147483647;
			files = (
			);
			runOnlyForDeploymentPostprocessing = 0;
		};
/* End PBXFrameworksBuildPhase section */

/* Begin PBXGroup section */
		4FE0AB7B24AE56A9007D9765 = {
			isa = PBXGroup;
			children = (
				4FE0AB8624AE56A9007D9765 /* Passly */,
				4FE0AB8524AE56A9007D9765 /* Products */,
			);
			sourceTree = "<group>";
		};
		4FE0AB8524AE56A9007D9765 /* Products */ = {
			isa = PBXGroup;
			children = (
				4FE0AB8424AE56A9007D9765 /* Passly.app */,
			);
			name = Products;
			sourceTree = "<group>";
		};
		4FE0AB8624AE56A9007D9765 /* Passly */ = {
			isa = PBXGroup;
			children = (
				4FA60DF124F4296900ED386E /* SuccessCheck.swift */,
				4FE0AB9B24AE56DB007D9765 /* Passly.entitlements */,
				4FE0AB8724AE56A9007D9765 /* AppDelegate.swift */,
				4FE0AB8924AE56A9007D9765 /* SceneDelegate.swift */,
				4FE0AB8B24AE56A9007D9765 /* ViewController.swift */,
				4FE0AB8D24AE56A9007D9765 /* Main.storyboard */,
				4FE0AB9024AE56AC007D9765 /* Assets.xcassets */,
				4FE0AB9224AE56AC007D9765 /* LaunchScreen.storyboard */,
				4FE0AB9524AE56AC007D9765 /* Info.plist */,
			);
			path = Passly;
			sourceTree = "<group>";
		};
/* End PBXGroup section */

/* Begin PBXNativeTarget section */
		4FE0AB8324AE56A9007D9765 /* Passly */ = {
			isa = PBXNativeTarget;
			buildConfigurationList = 4FE0AB9824AE56AC007D9765 /* Build configuration list for PBXNativeTarget "Passly" */;
			buildPhases = (
				4FE0AB8024AE56A9007D9765 /* Sources */,
				4FE0AB8124AE56A9007D9765 /* Frameworks */,
				4FE0AB8224AE56A9007D9765 /* Resources */,
			);
			buildRules = (
			);
			dependencies = (
			);
			name = Passly;
			productName = Passly;
			productReference = 4FE0AB8424AE56A9007D9765 /* Passly.app */;
			productType = "com.apple.product-type.application";
		};
/* End PBXNativeTarget section */

/* Begin PBXProject section */
		4FE0AB7C24AE56A9007D9765 /* Project object */ = {
			isa = PBXProject;
			attributes = {
				LastSwiftUpdateCheck = 1200;
				LastUpgradeCheck = 1200;
				TargetAttributes = {
					4FE0AB8324AE56A9007D9765 = {
						CreatedOnToolsVersion = 12.0;
					};
				};
			};
			buildConfigurationList = 4FE0AB7F24AE56A9007D9765 /* Build configuration list for PBXProject "Passly" */;
			compatibilityVersion = "Xcode 9.3";
			developmentRegion = en;
			hasScannedForEncodings = 0;
			knownRegions = (
				en,
				Base,
			);
			mainGroup = 4FE0AB7B24AE56A9007D9765;
			productRefGroup = 4FE0AB8524AE56A9007D9765 /* Products */;
			projectDirPath = "";
			projectRoot = "";
			targets = (
				4FE0AB8324AE56A9007D9765 /* Passly */,
			);
		};
/* End PBXProject section */

/* Begin PBXResourcesBuildPhase section */
		4FE0AB8224AE56A9007D9765 /* Resources */ = {
			isa = PBXResourcesBuildPhase;
			buildActionMask = 2147483647;
			files = (
				4FE0AB9424AE56AC007D9765 /* LaunchScreen.storyboard in Resources */,
				4FE0AB9124AE56AC007D9765 /* Assets.xcassets in Resources */,
				4FE0AB8F24AE56A9007D9765 /* Main.storyboard in Resources */,
			);
			runOnlyForDeploymentPostprocessing = 0;
		};
/* End PBXResourcesBuildPhase section */

/* Begin PBXSourcesBuildPhase section */
		4FE0AB8024AE56A9007D9765 /* Sources */ = {
			isa = PBXSourcesBuildPhase;
			buildActionMask = 2147483647;
			files = (
				4FA60DF224F4296900ED386E /* SuccessCheck.swift in Sources */,
				4FE0AB8C24AE56A9007D9765 /* ViewController.swift in Sources */,
				4FE0AB8824AE56A9007D9765 /* AppDelegate.swift in Sources */,
				4FE0AB8A24AE56A9007D9765 /* SceneDelegate.swift in Sources */,
			);
			runOnlyForDeploymentPostprocessing = 0;
		};
/* End PBXSourcesBuildPhase section */

/* Begin PBXVariantGroup section */
		4FE0AB8D24AE56A9007D9765 /* Main.storyboard */ = {
			isa = PBXVariantGroup;
			children = (
				4FE0AB8E24AE56A9007D9765 /* Base */,
			);
			name = Main.storyboard;
			sourceTree = "<group>";
		};
		4FE0AB9224AE56AC007D9765 /* LaunchScreen.storyboard */ = {
			isa = PBXVariantGroup;
			children = (
				4FE0AB9324AE56AC007D9765 /* Base */,
			);
			name = LaunchScreen.storyboard;
			sourceTree = "<group>";
		};
/* End PBXVariantGroup section */

/* Begin XCBuildConfiguration section */
		4FE0AB9624AE56AC007D9765 /* Debug */ = {
			isa = XCBuildConfiguration;
			buildSettings = {
				ALWAYS_SEARCH_USER_PATHS = NO;
				CLANG_ANALYZER_NONNULL = YES;
				CLANG_ANALYZER_NUMBER_OBJECT_CONVERSION = YES_AGGRESSIVE;
				CLANG_CXX_LANGUAGE_STANDARD = "gnu++14";
				CLANG_CXX_LIBRARY = "libc++";
				CLANG_ENABLE_MODULES = YES;
				CLANG_ENABLE_OBJC_ARC = YES;
				CLANG_ENABLE_OBJC_WEAK = YES;
				CLANG_WARN_BLOCK_CAPTURE_AUTORELEASING = YES;
				CLANG_WARN_BOOL_CONVERSION = YES;
				CLANG_WARN_COMMA = YES;
				CLANG_WARN_CONSTANT_CONVERSION = YES;
				CLANG_WARN_DEPRECATED_OBJC_IMPLEMENTATIONS = YES;
				CLANG_WARN_DIRECT_OBJC_ISA_USAGE = YES_ERROR;
				CLANG_WARN_DOCUMENTATION_COMMENTS = YES;
				CLANG_WARN_EMPTY_BODY = YES;
				CLANG_WARN_ENUM_CONVERSION = YES;
				CLANG_WARN_INFINITE_RECURSION = YES;
				CLANG_WARN_INT_CONVERSION = YES;
				CLANG_WARN_NON_LITERAL_NULL_CONVERSION = YES;
				CLANG_WARN_OBJC_IMPLICIT_RETAIN_SELF = YES;
				CLANG_WARN_OBJC_LITERAL_CONVERSION = YES;
				CLANG_WARN_OBJC_ROOT_CLASS = YES_ERROR;
				CLANG_WARN_QUOTED_INCLUDE_IN_FRAMEWORK_HEADER = YES;
				CLANG_WARN_RANGE_LOOP_ANALYSIS = YES;
				CLANG_WARN_STRICT_PROTOTYPES = YES;
				CLANG_WARN_SUSPICIOUS_MOVE = YES;
				CLANG_WARN_UNGUARDED_AVAILABILITY = YES_AGGRESSIVE;
				CLANG_WARN_UNREACHABLE_CODE = YES;
				CLANG_WARN__DUPLICATE_METHOD_MATCH = YES;
				COPY_PHASE_STRIP = NO;
				DEBUG_INFORMATION_FORMAT = dwarf;
				ENABLE_STRICT_OBJC_MSGSEND = YES;
				ENABLE_TESTABILITY = YES;
				GCC_C_LANGUAGE_STANDARD = gnu11;
				GCC_DYNAMIC_NO_PIC = NO;
				GCC_NO_COMMON_BLOCKS = YES;
				GCC_OPTIMIZATION_LEVEL = 0;
				GCC_PREPROCESSOR_DEFINITIONS = (
					"DEBUG=1",
					"$(inherited)",
				);
				GCC_WARN_64_TO_32_BIT_CONVERSION = YES;
				GCC_WARN_ABOUT_RETURN_TYPE = YES_ERROR;
				GCC_WARN_UNDECLARED_SELECTOR = YES;
				GCC_WARN_UNINITIALIZED_AUTOS = YES_AGGRESSIVE;
				GCC_WARN_UNUSED_FUNCTION = YES;
				GCC_WARN_UNUSED_VARIABLE = YES;
				IPHONEOS_DEPLOYMENT_TARGET = 14.0;
				MTL_ENABLE_DEBUG_INFO = INCLUDE_SOURCE;
				MTL_FAST_MATH = YES;
				ONLY_ACTIVE_ARCH = YES;
				SDKROOT = iphoneos;
				SWIFT_ACTIVE_COMPILATION_CONDITIONS = DEBUG;
				SWIFT_OPTIMIZATION_LEVEL = "-Onone";
			};
			name = Debug;
		};
		4FE0AB9724AE56AC007D9765 /* Release */ = {
			isa = XCBuildConfiguration;
			buildSettings = {
				ALWAYS_SEARCH_USER_PATHS = NO;
				CLANG_ANALYZER_NONNULL = YES;
				CLANG_ANALYZER_NUMBER_OBJECT_CONVERSION = YES_AGGRESSIVE;
				CLANG_CXX_LANGUAGE_STANDARD = "gnu++14";
				CLANG_CXX_LIBRARY = "libc++";
				CLANG_ENABLE_MODULES = YES;
				CLANG_ENABLE_OBJC_ARC = YES;
				CLANG_ENABLE_OBJC_WEAK = YES;
				CLANG_WARN_BLOCK_CAPTURE_AUTORELEASING = YES;
				CLANG_WARN_BOOL_CONVERSION = YES;
				CLANG_WARN_COMMA = YES;
				CLANG_WARN_CONSTANT_CONVERSION = YES;
				CLANG_WARN_DEPRECATED_OBJC_IMPLEMENTATIONS = YES;
				CLANG_WARN_DIRECT_OBJC_ISA_USAGE = YES_ERROR;
				CLANG_WARN_DOCUMENTATION_COMMENTS = YES;
				CLANG_WARN_EMPTY_BODY = YES;
				CLANG_WARN_ENUM_CONVERSION = YES;
				CLANG_WARN_INFINITE_RECURSION = YES;
				CLANG_WARN_INT_CONVERSION = YES;
				CLANG_WARN_NON_LITERAL_NULL_CONVERSION = YES;
				CLANG_WARN_OBJC_IMPLICIT_RETAIN_SELF = YES;
				CLANG_WARN_OBJC_LITERAL_CONVERSION = YES;
				CLANG_WARN_OBJC_ROOT_CLASS = YES_ERROR;
				CLANG_WARN_QUOTED_INCLUDE_IN_FRAMEWORK_HEADER = YES;
				CLANG_WARN_RANGE_LOOP_ANALYSIS = YES;
				CLANG_WARN_STRICT_PROTOTYPES = YES;
				CLANG_WARN_SUSPICIOUS_MOVE = YES;
				CLANG_WARN_UNGUARDED_AVAILABILITY = YES_AGGRESSIVE;
				CLANG_WARN_UNREACHABLE_CODE = YES;
				CLANG_WARN__DUPLICATE_METHOD_MATCH = YES;
				COPY_PHASE_STRIP = NO;
				DEBUG_INFORMATION_FORMAT = "dwarf-with-dsym";
				ENABLE_NS_ASSERTIONS = NO;
				ENABLE_STRICT_OBJC_MSGSEND = YES;
				GCC_C_LANGUAGE_STANDARD = gnu11;
				GCC_NO_COMMON_BLOCKS = YES;
				GCC_WARN_64_TO_32_BIT_CONVERSION = YES;
				GCC_WARN_ABOUT_RETURN_TYPE = YES_ERROR;
				GCC_WARN_UNDECLARED_SELECTOR = YES;
				GCC_WARN_UNINITIALIZED_AUTOS = YES_AGGRESSIVE;
				GCC_WARN_UNUSED_FUNCTION = YES;
				GCC_WARN_UNUSED_VARIABLE = YES;
				IPHONEOS_DEPLOYMENT_TARGET = 14.0;
				MTL_ENABLE_DEBUG_INFO = NO;
				MTL_FAST_MATH = YES;
				SDKROOT = iphoneos;
				SWIFT_COMPILATION_MODE = wholemodule;
				SWIFT_OPTIMIZATION_LEVEL = "-O";
				VALIDATE_PRODUCT = YES;
			};
			name = Release;
		};
		4FE0AB9924AE56AC007D9765 /* Debug */ = {
			isa = XCBuildConfiguration;
			buildSettings = {
				ASSETCATALOG_COMPILER_APPICON_NAME = AppIcon;
				ASSETCATALOG_COMPILER_GLOBAL_ACCENT_COLOR_NAME = AccentColor;
				CODE_SIGN_ENTITLEMENTS = Passly/Passly.entitlements;
				CODE_SIGN_STYLE = Automatic;
				DEVELOPMENT_TEAM = TAZG5QA452;
				"ENABLE_HARDENED_RUNTIME[sdk=macosx*]" = NO;
				INFOPLIST_FILE = Passly/Info.plist;
				IPHONEOS_DEPLOYMENT_TARGET = 13.0;
				"IPHONEOS_DEPLOYMENT_TARGET[sdk=macosx*]" = 13.1;
				LD_RUNPATH_SEARCH_PATHS = (
					"$(inherited)",
					"@executable_path/Frameworks",
				);
				PRODUCT_BUNDLE_IDENTIFIER = VelocityApps.Passly;
				PRODUCT_NAME = "$(TARGET_NAME)";
				SUPPORTS_MACCATALYST = YES;
				SWIFT_VERSION = 5.0;
				TARGETED_DEVICE_FAMILY = "1,2";
			};
			name = Debug;
		};
		4FE0AB9A24AE56AC007D9765 /* Release */ = {
			isa = XCBuildConfiguration;
			buildSettings = {
				ASSETCATALOG_COMPILER_APPICON_NAME = AppIcon;
				ASSETCATALOG_COMPILER_GLOBAL_ACCENT_COLOR_NAME = AccentColor;
				CODE_SIGN_ENTITLEMENTS = Passly/Passly.entitlements;
				CODE_SIGN_STYLE = Automatic;
				DEVELOPMENT_TEAM = TAZG5QA452;
				"ENABLE_HARDENED_RUNTIME[sdk=macosx*]" = NO;
				INFOPLIST_FILE = Passly/Info.plist;
				IPHONEOS_DEPLOYMENT_TARGET = 13.0;
				"IPHONEOS_DEPLOYMENT_TARGET[sdk=macosx*]" = 13.1;
				LD_RUNPATH_SEARCH_PATHS = (
					"$(inherited)",
					"@executable_path/Frameworks",
				);
				PRODUCT_BUNDLE_IDENTIFIER = VelocityApps.Passly;
				PRODUCT_NAME = "$(TARGET_NAME)";
				SUPPORTS_MACCATALYST = YES;
				SWIFT_VERSION = 5.0;
				TARGETED_DEVICE_FAMILY = "1,2";
			};
			name = Release;
		};
/* End XCBuildConfiguration section */

/* Begin XCConfigurationList section */
		4FE0AB7F24AE56A9007D9765 /* Build configuration list for PBXProject "Passly" */ = {
			isa = XCConfigurationList;
			buildConfigurations = (
				4FE0AB9624AE56AC007D9765 /* Debug */,
				4FE0AB9724AE56AC007D9765 /* Release */,
			);
			defaultConfigurationIsVisible = 0;
			defaultConfigurationName = Release;
		};
		4FE0AB9824AE56AC007D9765 /* Build configuration list for PBXNativeTarget "Passly" */ = {
			isa = XCConfigurationList;
			buildConfigurations = (
				4FE0AB9924AE56AC007D9765 /* Debug */,
				4FE0AB9A24AE56AC007D9765 /* Release */,
			);
			defaultConfigurationIsVisible = 0;
			defaultConfigurationName = Release;
		};
/* End XCConfigurationList section */
	};
	rootObject = 4FE0AB7C24AE56A9007D9765 /* Project object */;
}
